
Microsoft Visual Studio Solution File, Format Version 12.00
# Visual Studio Version 16
VisualStudioVersion = 16.0.29411.108
MinimumVisualStudioVersion = 10.0.40219.1
Project("{FAE04EC0-301F-11D3-BF4B-00C04F79EFBC}") = "WebAPI", "WebAPI.csproj", "{989E84E3-46ED-417B-A6DF-4635D55083AF}"
EndProject
Global
	GlobalSection(SolutionConfigurationPlatforms) = preSolution
		Debug|Any CPU = Debug|Any CPU
		Release|Any CPU = Release|Any CPU
	EndGlobalSection
	GlobalSection(ProjectConfigurationPlatforms) = postSolution
		{989E84E3-46ED-417B-A6DF-4635D55083AF}.Debug|Any CPU.ActiveCfg = Debug|Any CPU
		{989E84E3-46ED-417B-A6DF-4635D55083AF}.Debug|Any CPU.Build.0 = Debug|Any CPU
		{989E84E3-46ED-417B-A6DF-4635D55083AF}.Release|Any CPU.ActiveCfg = Release|Any CPU
		{989E84E3-46ED-417B-A6DF-4635D55083AF}.Release|Any CPU.Build.0 = Release|Any CPU
	EndGlobalSection
	GlobalSection(SolutionProperties) = preSolution
		HideSolutionNode = FALSE
	EndGlobalSection
	GlobalSection(ExtensibilityGlobals) = postSolution
		SolutionGuid = {8804006F-155A-451B-8430-C84960480F0F}
	EndGlobalSection
EndGlobal
